
Microsoft Visual Studio Solution File, Format Version 12.00
# Visual Studio 2013
VisualStudioVersion = 12.0.21005.1
MinimumVisualStudioVersion = 10.0.40219.1
Project("{FAE04EC0-301F-11D3-BF4B-00C04F79EFBC}") = "Apresentacao", "Apresentacao\Apresentacao.csproj", "{B79CF3C1-1FC1-47DA-B52C-142E85256B00}"
EndProject
Project("{FAE04EC0-301F-11D3-BF4B-00C04F79EFBC}") = "Negocio", "Negocio\Negocio.csproj", "{EA672466-4EC6-4BB4-8E33-B8CF855D8189}"
EndProject
Global
	GlobalSection(SolutionConfigurationPlatforms) = preSolution
		Debug|Any CPU = Debug|Any CPU
		Release|Any CPU = Release|Any CPU
	EndGlobalSection
	GlobalSection(ProjectConfigurationPlatforms) = postSolution
		{B79CF3C1-1FC1-47DA-B52C-142E85256B00}.Debug|Any CPU.ActiveCfg = Debug|Any CPU
		{B79CF3C1-1FC1-47DA-B52C-142E85256B00}.Debug|Any CPU.Build.0 = Debug|Any CPU
		{B79CF3C1-1FC1-47DA-B52C-142E85256B00}.Release|Any CPU.ActiveCfg = Release|Any CPU
		{B79CF3C1-1FC1-47DA-B52C-142E85256B00}.Release|Any CPU.Build.0 = Release|Any CPU
		{EA672466-4EC6-4BB4-8E33-B8CF855D8189}.Debug|Any CPU.ActiveCfg = Debug|Any CPU
		{EA672466-4EC6-4BB4-8E33-B8CF855D8189}.Debug|Any CPU.Build.0 = Debug|Any CPU
		{EA672466-4EC6-4BB4-8E33-B8CF855D8189}.Release|Any CPU.ActiveCfg = Release|Any CPU
		{EA672466-4EC6-4BB4-8E33-B8CF855D8189}.Release|Any CPU.Build.0 = Release|Any CPU
	EndGlobalSection
	GlobalSection(SolutionProperties) = preSolution
		HideSolutionNode = FALSE
	EndGlobalSection
EndGlobal
